// !$*UTF8*$!
{
	archiveVersion = 1;
	classes = {
	};
	objectVersion = 56;
	objects = {

/* Begin PBXBuildFile section */
		80942DBE2B967B93001C0D29 /* AccessPermission.swift in Sources */ = {isa = PBXBuildFile; fileRef = 80942DBD2B967B93001C0D29 /* AccessPermission.swift */; };
		80942DC02B967E64001C0D29 /* WindowManager.swift in Sources */ = {isa = PBXBuildFile; fileRef = 80942DBF2B967E64001C0D29 /* WindowManager.swift */; };
		80942DC32B96C206001C0D29 /* KeyboardShortcuts in Frameworks */ = {isa = PBXBuildFile; productRef = 80942DC22B96C206001C0D29 /* KeyboardShortcuts */; };
		80E12AD52B95B6E700AA392F /* WinManApp.swift in Sources */ = {isa = PBXBuildFile; fileRef = 80E12AD42B95B6E700AA392F /* WinManApp.swift */; };
		80E12AD72B95B6E700AA392F /* ContentView.swift in Sources */ = {isa = PBXBuildFile; fileRef = 80E12AD62B95B6E700AA392F /* ContentView.swift */; };
		80E12AD92B95B6E700AA392F /* Assets.xcassets in Resources */ = {isa = PBXBuildFile; fileRef = 80E12AD82B95B6E700AA392F /* Assets.xcassets */; };
		80E12ADC2B95B6E700AA392F /* Preview Assets.xcassets in Resources */ = {isa = PBXBuildFile; fileRef = 80E12ADB2B95B6E700AA392F /* Preview Assets.xcassets */; };
		80E12AE72B95B6E700AA392F /* WinManTests.swift in Sources */ = {isa = PBXBuildFile; fileRef = 80E12AE62B95B6E700AA392F /* WinManTests.swift */; };
		80E12AF12B95B6E700AA392F /* WinManUITests.swift in Sources */ = {isa = PBXBuildFile; fileRef = 80E12AF02B95B6E700AA392F /* WinManUITests.swift */; };
		80E12AF32B95B6E700AA392F /* WinManUITestsLaunchTests.swift in Sources */ = {isa = PBXBuildFile; fileRef = 80E12AF22B95B6E700AA392F /* WinManUITestsLaunchTests.swift */; };
/* End PBXBuildFile section */

/* Begin PBXContainerItemProxy section */
		80E12AE32B95B6E700AA392F /* PBXContainerItemProxy */ = {
			isa = PBXContainerItemProxy;
			containerPortal = 80E12AC92B95B6E600AA392F /* Project object */;
			proxyType = 1;
			remoteGlobalIDString = 80E12AD02B95B6E700AA392F;
			remoteInfo = WinMan;
		};
		80E12AED2B95B6E700AA392F /* PBXContainerItemProxy */ = {
			isa = PBXContainerItemProxy;
			containerPortal = 80E12AC92B95B6E600AA392F /* Project object */;
			proxyType = 1;
			remoteGlobalIDString = 80E12AD02B95B6E700AA392F;
			remoteInfo = WinMan;
		};
/* End PBXContainerItemProxy section */

/* Begin PBXFileReference section */
		80942DBD2B967B93001C0D29 /* AccessPermission.swift */ = {isa = PBXFileReference; lastKnownFileType = sourcecode.swift; path = AccessPermission.swift; sourceTree = "<group>"; };
		80942DBF2B967E64001C0D29 /* WindowManager.swift */ = {isa = PBXFileReference; lastKnownFileType = sourcecode.swift; path = WindowManager.swift; sourceTree = "<group>"; };
		80E12AD12B95B6E700AA392F /* WinMan.app */ = {isa = PBXFileReference; explicitFileType = wrapper.application; includeInIndex = 0; path = WinMan.app; sourceTree = BUILT_PRODUCTS_DIR; };
		80E12AD42B95B6E700AA392F /* WinManApp.swift */ = {isa = PBXFileReference; lastKnownFileType = sourcecode.swift; path = WinManApp.swift; sourceTree = "<group>"; };
		80E12AD62B95B6E700AA392F /* ContentView.swift */ = {isa = PBXFileReference; lastKnownFileType = sourcecode.swift; path = ContentView.swift; sourceTree = "<group>"; };
		80E12AD82B95B6E700AA392F /* Assets.xcassets */ = {isa = PBXFileReference; lastKnownFileType = folder.assetcatalog; path = Assets.xcassets; sourceTree = "<group>"; };
		80E12ADB2B95B6E700AA392F /* Preview Assets.xcassets */ = {isa = PBXFileReference; lastKnownFileType = folder.assetcatalog; path = "Preview Assets.xcassets"; sourceTree = "<group>"; };
		80E12ADD2B95B6E700AA392F /* WinMan.entitlements */ = {isa = PBXFileReference; lastKnownFileType = text.plist.entitlements; path = WinMan.entitlements; sourceTree = "<group>"; };
		80E12AE22B95B6E700AA392F /* WinManTests.xctest */ = {isa = PBXFileReference; explicitFileType = wrapper.cfbundle; includeInIndex = 0; path = WinManTests.xctest; sourceTree = BUILT_PRODUCTS_DIR; };
		80E12AE62B95B6E700AA392F /* WinManTests.swift */ = {isa = PBXFileReference; lastKnownFileType = sourcecode.swift; path = WinManTests.swift; sourceTree = "<group>"; };
		80E12AEC2B95B6E700AA392F /* WinManUITests.xctest */ = {isa = PBXFileReference; explicitFileType = wrapper.cfbundle; includeInIndex = 0; path = WinManUITests.xctest; sourceTree = BUILT_PRODUCTS_DIR; };
		80E12AF02B95B6E700AA392F /* WinManUITests.swift */ = {isa = PBXFileReference; lastKnownFileType = sourcecode.swift; path = WinManUITests.swift; sourceTree = "<group>"; };
		80E12AF22B95B6E700AA392F /* WinManUITestsLaunchTests.swift */ = {isa = PBXFileReference; lastKnownFileType = sourcecode.swift; path = WinManUITestsLaunchTests.swift; sourceTree = "<group>"; };
/* End PBXFileReference section */

/* Begin PBXFrameworksBuildPhase section */
		80E12ACE2B95B6E700AA392F /* Frameworks */ = {
			isa = PBXFrameworksBuildPhase;
			buildActionMask = 2147483647;
			files = (
				80942DC32B96C206001C0D29 /* KeyboardShortcuts in Frameworks */,
			);
			runOnlyForDeploymentPostprocessing = 0;
		};
		80E12ADF2B95B6E700AA392F /* Frameworks */ = {
			isa = PBXFrameworksBuildPhase;
			buildActionMask = 2147483647;
			files = (
			);
			runOnlyForDeploymentPostprocessing = 0;
		};
		80E12AE92B95B6E700AA392F /* Frameworks */ = {
			isa = PBXFrameworksBuildPhase;
			buildActionMask = 2147483647;
			files = (
			);
			runOnlyForDeploymentPostprocessing = 0;
		};
/* End PBXFrameworksBuildPhase section */

/* Begin PBXGroup section */
		80E12AC82B95B6E600AA392F = {
			isa = PBXGroup;
			children = (
				80E12AD32B95B6E700AA392F /* WinMan */,
				80E12AE52B95B6E700AA392F /* WinManTests */,
				80E12AEF2B95B6E700AA392F /* WinManUITests */,
				80E12AD22B95B6E700AA392F /* Products */,
			);
			sourceTree = "<group>";
		};
		80E12AD22B95B6E700AA392F /* Products */ = {
			isa = PBXGroup;
			children = (
				80E12AD12B95B6E700AA392F /* WinMan.app */,
				80E12AE22B95B6E700AA392F /* WinManTests.xctest */,
				80E12AEC2B95B6E700AA392F /* WinManUITests.xctest */,
			);
			name = Products;
			sourceTree = "<group>";
		};
		80E12AD32B95B6E700AA392F /* WinMan */ = {
			isa = PBXGroup;
			children = (
				80E12AD42B95B6E700AA392F /* WinManApp.swift */,
				80942DBF2B967E64001C0D29 /* WindowManager.swift */,
				80942DBD2B967B93001C0D29 /* AccessPermission.swift */,
				80E12AD62B95B6E700AA392F /* ContentView.swift */,
				80E12AD82B95B6E700AA392F /* Assets.xcassets */,
				80E12ADD2B95B6E700AA392F /* WinMan.entitlements */,
				80E12ADA2B95B6E700AA392F /* Preview Content */,
			);
			path = WinMan;
			sourceTree = "<group>";
		};
		80E12ADA2B95B6E700AA392F /* Preview Content */ = {
			isa = PBXGroup;
			children = (
				80E12ADB2B95B6E700AA392F /* Preview Assets.xcassets */,
			);
			path = "Preview Content";
			sourceTree = "<group>";
		};
		80E12AE52B95B6E700AA392F /* WinManTests */ = {
			isa = PBXGroup;
			children = (
				80E12AE62B95B6E700AA392F /* WinManTests.swift */,
			);
			path = WinManTests;
			sourceTree = "<group>";
		};
		80E12AEF2B95B6E700AA392F /* WinManUITests */ = {
			isa = PBXGroup;
			children = (
				80E12AF02B95B6E700AA392F /* WinManUITests.swift */,
				80E12AF22B95B6E700AA392F /* WinManUITestsLaunchTests.swift */,
			);
			path = WinManUITests;
			sourceTree = "<group>";
		};
/* End PBXGroup section */

/* Begin PBXNativeTarget section */
		80E12AD02B95B6E700AA392F /* WinMan */ = {
			isa = PBXNativeTarget;
			buildConfigurationList = 80E12AF62B95B6E700AA392F /* Build configuration list for PBXNativeTarget "WinMan" */;
			buildPhases = (
				80E12ACD2B95B6E700AA392F /* Sources */,
				80E12ACE2B95B6E700AA392F /* Frameworks */,
				80E12ACF2B95B6E700AA392F /* Resources */,
			);
			buildRules = (
			);
			dependencies = (
			);
			name = WinMan;
			packageProductDependencies = (
				80942DC22B96C206001C0D29 /* KeyboardShortcuts */,
			);
			productName = WinMan;
			productReference = 80E12AD12B95B6E700AA392F /* WinMan.app */;
			productType = "com.apple.product-type.application";
		};
		80E12AE12B95B6E700AA392F /* WinManTests */ = {
			isa = PBXNativeTarget;
			buildConfigurationList = 80E12AF92B95B6E700AA392F /* Build configuration list for PBXNativeTarget "WinManTests" */;
			buildPhases = (
				80E12ADE2B95B6E700AA392F /* Sources */,
				80E12ADF2B95B6E700AA392F /* Frameworks */,
				80E12AE02B95B6E700AA392F /* Resources */,
			);
			buildRules = (
			);
			dependencies = (
				80E12AE42B95B6E700AA392F /* PBXTargetDependency */,
			);
			name = WinManTests;
			productName = WinManTests;
			productReference = 80E12AE22B95B6E700AA392F /* WinManTests.xctest */;
			productType = "com.apple.product-type.bundle.unit-test";
		};
		80E12AEB2B95B6E700AA392F /* WinManUITests */ = {
			isa = PBXNativeTarget;
			buildConfigurationList = 80E12AFC2B95B6E700AA392F /* Build configuration list for PBXNativeTarget "WinManUITests" */;
			buildPhases = (
				80E12AE82B95B6E700AA392F /* Sources */,
				80E12AE92B95B6E700AA392F /* Frameworks */,
				80E12AEA2B95B6E700AA392F /* Resources */,
			);
			buildRules = (
			);
			dependencies = (
				80E12AEE2B95B6E700AA392F /* PBXTargetDependency */,
			);
			name = WinManUITests;
			productName = WinManUITests;
			productReference = 80E12AEC2B95B6E700AA392F /* WinManUITests.xctest */;
			productType = "com.apple.product-type.bundle.ui-testing";
		};
/* End PBXNativeTarget section */

/* Begin PBXProject section */
		80E12AC92B95B6E600AA392F /* Project object */ = {
			isa = PBXProject;
			attributes = {
				BuildIndependentTargetsInParallel = 1;
				LastSwiftUpdateCheck = 1520;
				LastUpgradeCheck = 1520;
				TargetAttributes = {
					80E12AD02B95B6E700AA392F = {
						CreatedOnToolsVersion = 15.2;
					};
					80E12AE12B95B6E700AA392F = {
						CreatedOnToolsVersion = 15.2;
						TestTargetID = 80E12AD02B95B6E700AA392F;
					};
					80E12AEB2B95B6E700AA392F = {
						CreatedOnToolsVersion = 15.2;
						TestTargetID = 80E12AD02B95B6E700AA392F;
					};
				};
			};
			buildConfigurationList = 80E12ACC2B95B6E600AA392F /* Build configuration list for PBXProject "WinMan" */;
			compatibilityVersion = "Xcode 14.0";
			developmentRegion = en;
			hasScannedForEncodings = 0;
			knownRegions = (
				en,
				Base,
			);
			mainGroup = 80E12AC82B95B6E600AA392F;
			packageReferences = (
				80942DC12B96C206001C0D29 /* XCRemoteSwiftPackageReference "KeyboardShortcuts" */,
			);
			productRefGroup = 80E12AD22B95B6E700AA392F /* Products */;
			projectDirPath = "";
			projectRoot = "";
			targets = (
				80E12AD02B95B6E700AA392F /* WinMan */,
				80E12AE12B95B6E700AA392F /* WinManTests */,
				80E12AEB2B95B6E700AA392F /* WinManUITests */,
			);
		};
/* End PBXProject section */

/* Begin PBXResourcesBuildPhase section */
		80E12ACF2B95B6E700AA392F /* Resources */ = {
			isa = PBXResourcesBuildPhase;
			buildActionMask = 2147483647;
			files = (
				80E12ADC2B95B6E700AA392F /* Preview Assets.xcassets in Resources */,
				80E12AD92B95B6E700AA392F /* Assets.xcassets in Resources */,
			);
			runOnlyForDeploymentPostprocessing = 0;
		};
		80E12AE02B95B6E700AA392F /* Resources */ = {
			isa = PBXResourcesBuildPhase;
			buildActionMask = 2147483647;
			files = (
			);
			runOnlyForDeploymentPostprocessing = 0;
		};
		80E12AEA2B95B6E700AA392F /* Resources */ = {
			isa = PBXResourcesBuildPhase;
			buildActionMask = 2147483647;
			files = (
			);
			runOnlyForDeploymentPostprocessing = 0;
		};
/* End PBXResourcesBuildPhase section */

/* Begin PBXSourcesBuildPhase section */
		80E12ACD2B95B6E700AA392F /* Sources */ = {
			isa = PBXSourcesBuildPhase;
			buildActionMask = 2147483647;
			files = (
				80E12AD72B95B6E700AA392F /* ContentView.swift in Sources */,
				80942DC02B967E64001C0D29 /* WindowManager.swift in Sources */,
				80942DBE2B967B93001C0D29 /* AccessPermission.swift in Sources */,
				80E12AD52B95B6E700AA392F /* WinManApp.swift in Sources */,
			);
			runOnlyForDeploymentPostprocessing = 0;
		};
		80E12ADE2B95B6E700AA392F /* Sources */ = {
			isa = PBXSourcesBuildPhase;
			buildActionMask = 2147483647;
			files = (
				80E12AE72B95B6E700AA392F /* WinManTests.swift in Sources */,
			);
			runOnlyForDeploymentPostprocessing = 0;
		};
		80E12AE82B95B6E700AA392F /* Sources */ = {
			isa = PBXSourcesBuildPhase;
			buildActionMask = 2147483647;
			files = (
				80E12AF32B95B6E700AA392F /* WinManUITestsLaunchTests.swift in Sources */,
				80E12AF12B95B6E700AA392F /* WinManUITests.swift in Sources */,
			);
			runOnlyForDeploymentPostprocessing = 0;
		};
/* End PBXSourcesBuildPhase section */

/* Begin PBXTargetDependency section */
		80E12AE42B95B6E700AA392F /* PBXTargetDependency */ = {
			isa = PBXTargetDependency;
			target = 80E12AD02B95B6E700AA392F /* WinMan */;
			targetProxy = 80E12AE32B95B6E700AA392F /* PBXContainerItemProxy */;
		};
		80E12AEE2B95B6E700AA392F /* PBXTargetDependency */ = {
			isa = PBXTargetDependency;
			target = 80E12AD02B95B6E700AA392F /* WinMan */;
			targetProxy = 80E12AED2B95B6E700AA392F /* PBXContainerItemProxy */;
		};
/* End PBXTargetDependency section */

/* Begin XCBuildConfiguration section */
		80E12AF42B95B6E700AA392F /* Debug */ = {
			isa = XCBuildConfiguration;
			buildSettings = {
				ALWAYS_SEARCH_USER_PATHS = NO;
				ASSETCATALOG_COMPILER_GENERATE_SWIFT_ASSET_SYMBOL_EXTENSIONS = YES;
				CLANG_ANALYZER_NONNULL = YES;
				CLANG_ANALYZER_NUMBER_OBJECT_CONVERSION = YES_AGGRESSIVE;
				CLANG_CXX_LANGUAGE_STANDARD = "gnu++20";
				CLANG_ENABLE_MODULES = YES;
				CLANG_ENABLE_OBJC_ARC = YES;
				CLANG_ENABLE_OBJC_WEAK = YES;
				CLANG_WARN_BLOCK_CAPTURE_AUTORELEASING = YES;
				CLANG_WARN_BOOL_CONVERSION = YES;
				CLANG_WARN_COMMA = YES;
				CLANG_WARN_CONSTANT_CONVERSION = YES;
				CLANG_WARN_DEPRECATED_OBJC_IMPLEMENTATIONS = YES;
				CLANG_WARN_DIRECT_OBJC_ISA_USAGE = YES_ERROR;
				CLANG_WARN_DOCUMENTATION_COMMENTS = YES;
				CLANG_WARN_EMPTY_BODY = YES;
				CLANG_WARN_ENUM_CONVERSION = YES;
				CLANG_WARN_INFINITE_RECURSION = YES;
				CLANG_WARN_INT_CONVERSION = YES;
				CLANG_WARN_NON_LITERAL_NULL_CONVERSION = YES;
				CLANG_WARN_OBJC_IMPLICIT_RETAIN_SELF = YES;
				CLANG_WARN_OBJC_LITERAL_CONVERSION = YES;
				CLANG_WARN_OBJC_ROOT_CLASS = YES_ERROR;
				CLANG_WARN_QUOTED_INCLUDE_IN_FRAMEWORK_HEADER = YES;
				CLANG_WARN_RANGE_LOOP_ANALYSIS = YES;
				CLANG_WARN_STRICT_PROTOTYPES = YES;
				CLANG_WARN_SUSPICIOUS_MOVE = YES;
				CLANG_WARN_UNGUARDED_AVAILABILITY = YES_AGGRESSIVE;
				CLANG_WARN_UNREACHABLE_CODE = YES;
				CLANG_WARN__DUPLICATE_METHOD_MATCH = YES;
				COPY_PHASE_STRIP = NO;
				DEBUG_INFORMATION_FORMAT = dwarf;
				ENABLE_STRICT_OBJC_MSGSEND = YES;
				ENABLE_TESTABILITY = YES;
				ENABLE_USER_SCRIPT_SANDBOXING = YES;
				GCC_C_LANGUAGE_STANDARD = gnu17;
				GCC_DYNAMIC_NO_PIC = NO;
				GCC_NO_COMMON_BLOCKS = YES;
				GCC_OPTIMIZATION_LEVEL = 0;
				GCC_PREPROCESSOR_DEFINITIONS = (
					"DEBUG=1",
					"$(inherited)",
				);
				GCC_WARN_64_TO_32_BIT_CONVERSION = YES;
				GCC_WARN_ABOUT_RETURN_TYPE = YES_ERROR;
				GCC_WARN_UNDECLARED_SELECTOR = YES;
				GCC_WARN_UNINITIALIZED_AUTOS = YES_AGGRESSIVE;
				GCC_WARN_UNUSED_FUNCTION = YES;
				GCC_WARN_UNUSED_VARIABLE = YES;
				LOCALIZATION_PREFERS_STRING_CATALOGS = YES;
				MACOSX_DEPLOYMENT_TARGET = 14.1;
				MTL_ENABLE_DEBUG_INFO = INCLUDE_SOURCE;
				MTL_FAST_MATH = YES;
				ONLY_ACTIVE_ARCH = YES;
				SDKROOT = macosx;
				SWIFT_ACTIVE_COMPILATION_CONDITIONS = "DEBUG $(inherited)";
				SWIFT_OPTIMIZATION_LEVEL = "-Onone";
			};
			name = Debug;
		};
		80E12AF52B95B6E700AA392F /* Release */ = {
			isa = XCBuildConfiguration;
			buildSettings = {
				ALWAYS_SEARCH_USER_PATHS = NO;
				ASSETCATALOG_COMPILER_GENERATE_SWIFT_ASSET_SYMBOL_EXTENSIONS = YES;
				CLANG_ANALYZER_NONNULL = YES;
				CLANG_ANALYZER_NUMBER_OBJECT_CONVERSION = YES_AGGRESSIVE;
				CLANG_CXX_LANGUAGE_STANDARD = "gnu++20";
				CLANG_ENABLE_MODULES = YES;
				CLANG_ENABLE_OBJC_ARC = YES;
				CLANG_ENABLE_OBJC_WEAK = YES;
				CLANG_WARN_BLOCK_CAPTURE_AUTORELEASING = YES;
				CLANG_WARN_BOOL_CONVERSION = YES;
				CLANG_WARN_COMMA = YES;
				CLANG_WARN_CONSTANT_CONVERSION = YES;
				CLANG_WARN_DEPRECATED_OBJC_IMPLEMENTATIONS = YES;
				CLANG_WARN_DIRECT_OBJC_ISA_USAGE = YES_ERROR;
				CLANG_WARN_DOCUMENTATION_COMMENTS = YES;
				CLANG_WARN_EMPTY_BODY = YES;
				CLANG_WARN_ENUM_CONVERSION = YES;
				CLANG_WARN_INFINITE_RECURSION = YES;
				CLANG_WARN_INT_CONVERSION = YES;
				CLANG_WARN_NON_LITERAL_NULL_CONVERSION = YES;
				CLANG_WARN_OBJC_IMPLICIT_RETAIN_SELF = YES;
				CLANG_WARN_OBJC_LITERAL_CONVERSION = YES;
				CLANG_WARN_OBJC_ROOT_CLASS = YES_ERROR;
				CLANG_WARN_QUOTED_INCLUDE_IN_FRAMEWORK_HEADER = YES;
				CLANG_WARN_RANGE_LOOP_ANALYSIS = YES;
				CLANG_WARN_STRICT_PROTOTYPES = YES;
				CLANG_WARN_SUSPICIOUS_MOVE = YES;
				CLANG_WARN_UNGUARDED_AVAILABILITY = YES_AGGRESSIVE;
				CLANG_WARN_UNREACHABLE_CODE = YES;
				CLANG_WARN__DUPLICATE_METHOD_MATCH = YES;
				COPY_PHASE_STRIP = NO;
				DEBUG_INFORMATION_FORMAT = "dwarf-with-dsym";
				ENABLE_NS_ASSERTIONS = NO;
				ENABLE_STRICT_OBJC_MSGSEND = YES;
				ENABLE_USER_SCRIPT_SANDBOXING = YES;
				GCC_C_LANGUAGE_STANDARD = gnu17;
				GCC_NO_COMMON_BLOCKS = YES;
				GCC_WARN_64_TO_32_BIT_CONVERSION = YES;
				GCC_WARN_ABOUT_RETURN_TYPE = YES_ERROR;
				GCC_WARN_UNDECLARED_SELECTOR = YES;
				GCC_WARN_UNINITIALIZED_AUTOS = YES_AGGRESSIVE;
				GCC_WARN_UNUSED_FUNCTION = YES;
				GCC_WARN_UNUSED_VARIABLE = YES;
				LOCALIZATION_PREFERS_STRING_CATALOGS = YES;
				MACOSX_DEPLOYMENT_TARGET = 14.1;
				MTL_ENABLE_DEBUG_INFO = NO;
				MTL_FAST_MATH = YES;
				SDKROOT = macosx;
				SWIFT_COMPILATION_MODE = wholemodule;
			};
			name = Release;
		};
		80E12AF72B95B6E700AA392F /* Debug */ = {
			isa = XCBuildConfiguration;
			buildSettings = {
				ASSETCATALOG_COMPILER_APPICON_NAME = AppIcon;
				ASSETCATALOG_COMPILER_GLOBAL_ACCENT_COLOR_NAME = AccentColor;
				CODE_SIGN_ENTITLEMENTS = WinMan/WinMan.entitlements;
				"CODE_SIGN_IDENTITY[sdk=macosx*]" = "Apple Development";
				CODE_SIGN_STYLE = Automatic;
				COMBINE_HIDPI_IMAGES = YES;
				CURRENT_PROJECT_VERSION = 1;
				DEVELOPMENT_ASSET_PATHS = "\"WinMan/Preview Content\"";
				DEVELOPMENT_TEAM = D4LTQEZR2G;
				ENABLE_HARDENED_RUNTIME = YES;
				ENABLE_PREVIEWS = YES;
				GENERATE_INFOPLIST_FILE = YES;
				INFOPLIST_FILE = WinMan/Info.plist;
				INFOPLIST_KEY_NSHumanReadableCopyright = "";
				LD_RUNPATH_SEARCH_PATHS = (
					"$(inherited)",
					"@executable_path/../Frameworks",
				);
				MARKETING_VERSION = 1.0;
				PRODUCT_BUNDLE_IDENTIFIER = WinMan.WinMan;
				PRODUCT_NAME = "$(TARGET_NAME)";
				SWIFT_EMIT_LOC_STRINGS = YES;
				SWIFT_VERSION = 5.0;
			};
			name = Debug;
		};
		80E12AF82B95B6E700AA392F /* Release */ = {
			isa = XCBuildConfiguration;
			buildSettings = {
				ASSETCATALOG_COMPILER_APPICON_NAME = AppIcon;
				ASSETCATALOG_COMPILER_GLOBAL_ACCENT_COLOR_NAME = AccentColor;
				CODE_SIGN_ENTITLEMENTS = WinMan/WinMan.entitlements;
				"CODE_SIGN_IDENTITY[sdk=macosx*]" = "Apple Development";
				CODE_SIGN_STYLE = Automatic;
				COMBINE_HIDPI_IMAGES = YES;
				CURRENT_PROJECT_VERSION = 1;
				DEVELOPMENT_ASSET_PATHS = "\"WinMan/Preview Content\"";
				DEVELOPMENT_TEAM = D4LTQEZR2G;
				ENABLE_HARDENED_RUNTIME = YES;
				ENABLE_PREVIEWS = YES;
				GENERATE_INFOPLIST_FILE = YES;
				INFOPLIST_FILE = WinMan/Info.plist;
				INFOPLIST_KEY_NSHumanReadableCopyright = "";
				LD_RUNPATH_SEARCH_PATHS = (
					"$(inherited)",
					"@executable_path/../Frameworks",
				);
				MARKETING_VERSION = 1.0;
				PRODUCT_BUNDLE_IDENTIFIER = WinMan.WinMan;
				PRODUCT_NAME = "$(TARGET_NAME)";
				SWIFT_EMIT_LOC_STRINGS = YES;
				SWIFT_VERSION = 5.0;
			};
			name = Release;
		};
		80E12AFA2B95B6E700AA392F /* Debug */ = {
			isa = XCBuildConfiguration;
			buildSettings = {
				ALWAYS_EMBED_SWIFT_STANDARD_LIBRARIES = YES;
				BUNDLE_LOADER = "$(TEST_HOST)";
				CODE_SIGN_STYLE = Automatic;
				CURRENT_PROJECT_VERSION = 1;
				DEVELOPMENT_TEAM = D4LTQEZR2G;
				GENERATE_INFOPLIST_FILE = YES;
				MACOSX_DEPLOYMENT_TARGET = 14.1;
				MARKETING_VERSION = 1.0;
				PRODUCT_BUNDLE_IDENTIFIER = WinMan.WinManTests;
				PRODUCT_NAME = "$(TARGET_NAME)";
				SWIFT_EMIT_LOC_STRINGS = NO;
				SWIFT_VERSION = 5.0;
				TEST_HOST = "$(BUILT_PRODUCTS_DIR)/WinMan.app/$(BUNDLE_EXECUTABLE_FOLDER_PATH)/WinMan";
			};
			name = Debug;
		};
		80E12AFB2B95B6E700AA392F /* Release */ = {
			isa = XCBuildConfiguration;
			buildSettings = {
				ALWAYS_EMBED_SWIFT_STANDARD_LIBRARIES = YES;
				BUNDLE_LOADER = "$(TEST_HOST)";
				CODE_SIGN_STYLE = Automatic;
				CURRENT_PROJECT_VERSION = 1;
				DEVELOPMENT_TEAM = D4LTQEZR2G;
				GENERATE_INFOPLIST_FILE = YES;
				MACOSX_DEPLOYMENT_TARGET = 14.1;
				MARKETING_VERSION = 1.0;
				PRODUCT_BUNDLE_IDENTIFIER = WinMan.WinManTests;
				PRODUCT_NAME = "$(TARGET_NAME)";
				SWIFT_EMIT_LOC_STRINGS = NO;
				SWIFT_VERSION = 5.0;
				TEST_HOST = "$(BUILT_PRODUCTS_DIR)/WinMan.app/$(BUNDLE_EXECUTABLE_FOLDER_PATH)/WinMan";
			};
			name = Release;
		};
		80E12AFD2B95B6E700AA392F /* Debug */ = {
			isa = XCBuildConfiguration;
			buildSettings = {
				ALWAYS_EMBED_SWIFT_STANDARD_LIBRARIES = YES;
				CODE_SIGN_STYLE = Automatic;
				CURRENT_PROJECT_VERSION = 1;
				DEVELOPMENT_TEAM = D4LTQEZR2G;
				GENERATE_INFOPLIST_FILE = YES;
				MARKETING_VERSION = 1.0;
				PRODUCT_BUNDLE_IDENTIFIER = WinMan.WinManUITests;
				PRODUCT_NAME = "$(TARGET_NAME)";
				SWIFT_EMIT_LOC_STRINGS = NO;
				SWIFT_VERSION = 5.0;
				TEST_TARGET_NAME = WinMan;
			};
			name = Debug;
		};
		80E12AFE2B95B6E700AA392F /* Release */ = {
			isa = XCBuildConfiguration;
			buildSettings = {
				ALWAYS_EMBED_SWIFT_STANDARD_LIBRARIES = YES;
				CODE_SIGN_STYLE = Automatic;
				CURRENT_PROJECT_VERSION = 1;
				DEVELOPMENT_TEAM = D4LTQEZR2G;
				GENERATE_INFOPLIST_FILE = YES;
				MARKETING_VERSION = 1.0;
				PRODUCT_BUNDLE_IDENTIFIER = WinMan.WinManUITests;
				PRODUCT_NAME = "$(TARGET_NAME)";
				SWIFT_EMIT_LOC_STRINGS = NO;
				SWIFT_VERSION = 5.0;
				TEST_TARGET_NAME = WinMan;
			};
			name = Release;
		};
/* End XCBuildConfiguration section */

/* Begin XCConfigurationList section */
		80E12ACC2B95B6E600AA392F /* Build configuration list for PBXProject "WinMan" */ = {
			isa = XCConfigurationList;
			buildConfigurations = (
				80E12AF42B95B6E700AA392F /* Debug */,
				80E12AF52B95B6E700AA392F /* Release */,
			);
			defaultConfigurationIsVisible = 0;
			defaultConfigurationName = Release;
		};
		80E12AF62B95B6E700AA392F /* Build configuration list for PBXNativeTarget "WinMan" */ = {
			isa = XCConfigurationList;
			buildConfigurations = (
				80E12AF72B95B6E700AA392F /* Debug */,
				80E12AF82B95B6E700AA392F /* Release */,
			);
			defaultConfigurationIsVisible = 0;
			defaultConfigurationName = Release;
		};
		80E12AF92B95B6E700AA392F /* Build configuration list for PBXNativeTarget "WinManTests" */ = {
			isa = XCConfigurationList;
			buildConfigurations = (
				80E12AFA2B95B6E700AA392F /* Debug */,
				80E12AFB2B95B6E700AA392F /* Release */,
			);
			defaultConfigurationIsVisible = 0;
			defaultConfigurationName = Release;
		};
		80E12AFC2B95B6E700AA392F /* Build configuration list for PBXNativeTarget "WinManUITests" */ = {
			isa = XCConfigurationList;
			buildConfigurations = (
				80E12AFD2B95B6E700AA392F /* Debug */,
				80E12AFE2B95B6E700AA392F /* Release */,
			);
			defaultConfigurationIsVisible = 0;
			defaultConfigurationName = Release;
		};
/* End XCConfigurationList section */

/* Begin XCRemoteSwiftPackageReference section */
		80942DC12B96C206001C0D29 /* XCRemoteSwiftPackageReference "KeyboardShortcuts" */ = {
			isa = XCRemoteSwiftPackageReference;
			repositoryURL = "https://github.com/sindresorhus/KeyboardShortcuts";
			requirement = {
				kind = upToNextMajorVersion;
				minimumVersion = 2.0.0;
			};
		};
/* End XCRemoteSwiftPackageReference section */

/* Begin XCSwiftPackageProductDependency section */
		80942DC22B96C206001C0D29 /* KeyboardShortcuts */ = {
			isa = XCSwiftPackageProductDependency;
			package = 80942DC12B96C206001C0D29 /* XCRemoteSwiftPackageReference "KeyboardShortcuts" */;
			productName = KeyboardShortcuts;
		};
/* End XCSwiftPackageProductDependency section */
	};
	rootObject = 80E12AC92B95B6E600AA392F /* Project object */;
}
